// !$*UTF8*$!
{
	archiveVersion = 1;
	classes = {
	};
	objectVersion = 46;
	objects = {

/* Begin PBXBuildFile section */
		8C3C34391D8FA55900F47840 /* main.m in Sources */ = {isa = PBXBuildFile; fileRef = 8C3C34381D8FA55900F47840 /* main.m */; };
		8C3C343C1D8FA55900F47840 /* AppDelegate.m in Sources */ = {isa = PBXBuildFile; fileRef = 8C3C343B1D8FA55900F47840 /* AppDelegate.m */; };
		8C3C343F1D8FA55900F47840 /* ViewController.m in Sources */ = {isa = PBXBuildFile; fileRef = 8C3C343E1D8FA55900F47840 /* ViewController.m */; };
		8C3C34421D8FA55900F47840 /* Main.storyboard in Resources */ = {isa = PBXBuildFile; fileRef = 8C3C34401D8FA55900F47840 /* Main.storyboard */; };
		8C3C34441D8FA55900F47840 /* Assets.xcassets in Resources */ = {isa = PBXBuildFile; fileRef = 8C3C34431D8FA55900F47840 /* Assets.xcassets */; };
		8C3C34471D8FA55900F47840 /* LaunchScreen.storyboard in Resources */ = {isa = PBXBuildFile; fileRef = 8C3C34451D8FA55900F47840 /* LaunchScreen.storyboard */; };
		8C3C34521D8FA55900F47840 /* MNColorMeTests.m in Sources */ = {isa = PBXBuildFile; fileRef = 8C3C34511D8FA55900F47840 /* MNColorMeTests.m */; };
		8C3C345D1D8FA55900F47840 /* MNColorMeUITests.m in Sources */ = {isa = PBXBuildFile; fileRef = 8C3C345C1D8FA55900F47840 /* MNColorMeUITests.m */; };
/* End PBXBuildFile section */

/* Begin PBXContainerItemProxy section */
		8C3C344E1D8FA55900F47840 /* PBXContainerItemProxy */ = {
			isa = PBXContainerItemProxy;
			containerPortal = 8C3C342C1D8FA55900F47840 /* Project object */;
			proxyType = 1;
			remoteGlobalIDString = 8C3C34331D8FA55900F47840;
			remoteInfo = MNColorMe;
		};
		8C3C34591D8FA55900F47840 /* PBXContainerItemProxy */ = {
			isa = PBXContainerItemProxy;
			containerPortal = 8C3C342C1D8FA55900F47840 /* Project object */;
			proxyType = 1;
			remoteGlobalIDString = 8C3C34331D8FA55900F47840;
			remoteInfo = MNColorMe;
		};
/* End PBXContainerItemProxy section */

/* Begin PBXFileReference section */
		8C3C34341D8FA55900F47840 /* MNColorMe.app */ = {isa = PBXFileReference; explicitFileType = wrapper.application; includeInIndex = 0; path = MNColorMe.app; sourceTree = BUILT_PRODUCTS_DIR; };
		8C3C34381D8FA55900F47840 /* main.m */ = {isa = PBXFileReference; lastKnownFileType = sourcecode.c.objc; path = main.m; sourceTree = "<group>"; };
		8C3C343A1D8FA55900F47840 /* AppDelegate.h */ = {isa = PBXFileReference; lastKnownFileType = sourcecode.c.h; path = AppDelegate.h; sourceTree = "<group>"; };
		8C3C343B1D8FA55900F47840 /* AppDelegate.m */ = {isa = PBXFileReference; lastKnownFileType = sourcecode.c.objc; path = AppDelegate.m; sourceTree = "<group>"; };
		8C3C343D1D8FA55900F47840 /* ViewController.h */ = {isa = PBXFileReference; lastKnownFileType = sourcecode.c.h; path = ViewController.h; sourceTree = "<group>"; };
		8C3C343E1D8FA55900F47840 /* ViewController.m */ = {isa = PBXFileReference; lastKnownFileType = sourcecode.c.objc; path = ViewController.m; sourceTree = "<group>"; };
		8C3C34411D8FA55900F47840 /* Base */ = {isa = PBXFileReference; lastKnownFileType = file.storyboard; name = Base; path = Base.lproj/Main.storyboard; sourceTree = "<group>"; };
		8C3C34431D8FA55900F47840 /* Assets.xcassets */ = {isa = PBXFileReference; lastKnownFileType = folder.assetcatalog; path = Assets.xcassets; sourceTree = "<group>"; };
		8C3C34461D8FA55900F47840 /* Base */ = {isa = PBXFileReference; lastKnownFileType = file.storyboard; name = Base; path = Base.lproj/LaunchScreen.storyboard; sourceTree = "<group>"; };
		8C3C34481D8FA55900F47840 /* Info.plist */ = {isa = PBXFileReference; lastKnownFileType = text.plist.xml; path = Info.plist; sourceTree = "<group>"; };
		8C3C344D1D8FA55900F47840 /* MNColorMeTests.xctest */ = {isa = PBXFileReference; explicitFileType = wrapper.cfbundle; includeInIndex = 0; path = MNColorMeTests.xctest; sourceTree = BUILT_PRODUCTS_DIR; };
		8C3C34511D8FA55900F47840 /* MNColorMeTests.m */ = {isa = PBXFileReference; lastKnownFileType = sourcecode.c.objc; path = MNColorMeTests.m; sourceTree = "<group>"; };
		8C3C34531D8FA55900F47840 /* Info.plist */ = {isa = PBXFileReference; lastKnownFileType = text.plist.xml; path = Info.plist; sourceTree = "<group>"; };
		8C3C34581D8FA55900F47840 /* MNColorMeUITests.xctest */ = {isa = PBXFileReference; explicitFileType = wrapper.cfbundle; includeInIndex = 0; path = MNColorMeUITests.xctest; sourceTree = BUILT_PRODUCTS_DIR; };
		8C3C345C1D8FA55900F47840 /* MNColorMeUITests.m */ = {isa = PBXFileReference; lastKnownFileType = sourcecode.c.objc; path = MNColorMeUITests.m; sourceTree = "<group>"; };
		8C3C345E1D8FA55900F47840 /* Info.plist */ = {isa = PBXFileReference; lastKnownFileType = text.plist.xml; path = Info.plist; sourceTree = "<group>"; };
/* End PBXFileReference section */

/* Begin PBXFrameworksBuildPhase section */
		8C3C34311D8FA55900F47840 /* Frameworks */ = {
			isa = PBXFrameworksBuildPhase;
			buildActionMask = 2147483647;
			files = (
			);
			runOnlyForDeploymentPostprocessing = 0;
		};
		8C3C344A1D8FA55900F47840 /* Frameworks */ = {
			isa = PBXFrameworksBuildPhase;
			buildActionMask = 2147483647;
			files = (
			);
			runOnlyForDeploymentPostprocessing = 0;
		};
		8C3C34551D8FA55900F47840 /* Frameworks */ = {
			isa = PBXFrameworksBuildPhase;
			buildActionMask = 2147483647;
			files = (
			);
			runOnlyForDeploymentPostprocessing = 0;
		};
/* End PBXFrameworksBuildPhase section */

/* Begin PBXGroup section */
		8C3C342B1D8FA55900F47840 = {
			isa = PBXGroup;
			children = (
				8C3C34361D8FA55900F47840 /* MNColorMe */,
				8C3C34501D8FA55900F47840 /* MNColorMeTests */,
				8C3C345B1D8FA55900F47840 /* MNColorMeUITests */,
				8C3C34351D8FA55900F47840 /* Products */,
			);
			sourceTree = "<group>";
		};
		8C3C34351D8FA55900F47840 /* Products */ = {
			isa = PBXGroup;
			children = (
				8C3C34341D8FA55900F47840 /* MNColorMe.app */,
				8C3C344D1D8FA55900F47840 /* MNColorMeTests.xctest */,
				8C3C34581D8FA55900F47840 /* MNColorMeUITests.xctest */,
			);
			name = Products;
			sourceTree = "<group>";
		};
		8C3C34361D8FA55900F47840 /* MNColorMe */ = {
			isa = PBXGroup;
			children = (
				8C3C343A1D8FA55900F47840 /* AppDelegate.h */,
				8C3C343B1D8FA55900F47840 /* AppDelegate.m */,
				8C3C343D1D8FA55900F47840 /* ViewController.h */,
				8C3C343E1D8FA55900F47840 /* ViewController.m */,
				8C3C34401D8FA55900F47840 /* Main.storyboard */,
				8C3C34431D8FA55900F47840 /* Assets.xcassets */,
				8C3C34451D8FA55900F47840 /* LaunchScreen.storyboard */,
				8C3C34481D8FA55900F47840 /* Info.plist */,
				8C3C34371D8FA55900F47840 /* Supporting Files */,
			);
			path = MNColorMe;
			sourceTree = "<group>";
		};
		8C3C34371D8FA55900F47840 /* Supporting Files */ = {
			isa = PBXGroup;
			children = (
				8C3C34381D8FA55900F47840 /* main.m */,
			);
			name = "Supporting Files";
			sourceTree = "<group>";
		};
		8C3C34501D8FA55900F47840 /* MNColorMeTests */ = {
			isa = PBXGroup;
			children = (
				8C3C34511D8FA55900F47840 /* MNColorMeTests.m */,
				8C3C34531D8FA55900F47840 /* Info.plist */,
			);
			path = MNColorMeTests;
			sourceTree = "<group>";
		};
		8C3C345B1D8FA55900F47840 /* MNColorMeUITests */ = {
			isa = PBXGroup;
			children = (
				8C3C345C1D8FA55900F47840 /* MNColorMeUITests.m */,
				8C3C345E1D8FA55900F47840 /* Info.plist */,
			);
			path = MNColorMeUITests;
			sourceTree = "<group>";
		};
/* End PBXGroup section */

/* Begin PBXNativeTarget section */
		8C3C34331D8FA55900F47840 /* MNColorMe */ = {
			isa = PBXNativeTarget;
			buildConfigurationList = 8C3C34611D8FA55900F47840 /* Build configuration list for PBXNativeTarget "MNColorMe" */;
			buildPhases = (
				8C3C34301D8FA55900F47840 /* Sources */,
				8C3C34311D8FA55900F47840 /* Frameworks */,
				8C3C34321D8FA55900F47840 /* Resources */,
			);
			buildRules = (
			);
			dependencies = (
			);
			name = MNColorMe;
			productName = MNColorMe;
			productReference = 8C3C34341D8FA55900F47840 /* MNColorMe.app */;
			productType = "com.apple.product-type.application";
		};
		8C3C344C1D8FA55900F47840 /* MNColorMeTests */ = {
			isa = PBXNativeTarget;
			buildConfigurationList = 8C3C34641D8FA55900F47840 /* Build configuration list for PBXNativeTarget "MNColorMeTests" */;
			buildPhases = (
				8C3C34491D8FA55900F47840 /* Sources */,
				8C3C344A1D8FA55900F47840 /* Frameworks */,
				8C3C344B1D8FA55900F47840 /* Resources */,
			);
			buildRules = (
			);
			dependencies = (
				8C3C344F1D8FA55900F47840 /* PBXTargetDependency */,
			);
			name = MNColorMeTests;
			productName = MNColorMeTests;
			productReference = 8C3C344D1D8FA55900F47840 /* MNColorMeTests.xctest */;
			productType = "com.apple.product-type.bundle.unit-test";
		};
		8C3C34571D8FA55900F47840 /* MNColorMeUITests */ = {
			isa = PBXNativeTarget;
			buildConfigurationList = 8C3C34671D8FA55900F47840 /* Build configuration list for PBXNativeTarget "MNColorMeUITests" */;
			buildPhases = (
				8C3C34541D8FA55900F47840 /* Sources */,
				8C3C34551D8FA55900F47840 /* Frameworks */,
				8C3C34561D8FA55900F47840 /* Resources */,
			);
			buildRules = (
			);
			dependencies = (
				8C3C345A1D8FA55900F47840 /* PBXTargetDependency */,
			);
			name = MNColorMeUITests;
			productName = MNColorMeUITests;
			productReference = 8C3C34581D8FA55900F47840 /* MNColorMeUITests.xctest */;
			productType = "com.apple.product-type.bundle.ui-testing";
		};
/* End PBXNativeTarget section */

/* Begin PBXProject section */
		8C3C342C1D8FA55900F47840 /* Project object */ = {
			isa = PBXProject;
			attributes = {
				LastUpgradeCheck = 0730;
				ORGANIZATIONNAME = "Mrunalini Nemade";
				TargetAttributes = {
					8C3C34331D8FA55900F47840 = {
						CreatedOnToolsVersion = 7.3.1;
					};
					8C3C344C1D8FA55900F47840 = {
						CreatedOnToolsVersion = 7.3.1;
						TestTargetID = 8C3C34331D8FA55900F47840;
					};
					8C3C34571D8FA55900F47840 = {
						CreatedOnToolsVersion = 7.3.1;
						TestTargetID = 8C3C34331D8FA55900F47840;
					};
				};
			};
			buildConfigurationList = 8C3C342F1D8FA55900F47840 /* Build configuration list for PBXProject "MNColorMe" */;
			compatibilityVersion = "Xcode 3.2";
			developmentRegion = English;
			hasScannedForEncodings = 0;
			knownRegions = (
				en,
				Base,
			);
			mainGroup = 8C3C342B1D8FA55900F47840;
			productRefGroup = 8C3C34351D8FA55900F47840 /* Products */;
			projectDirPath = "";
			projectRoot = "";
			targets = (
				8C3C34331D8FA55900F47840 /* MNColorMe */,
				8C3C344C1D8FA55900F47840 /* MNColorMeTests */,
				8C3C34571D8FA55900F47840 /* MNColorMeUITests */,
			);
		};
/* End PBXProject section */

/* Begin PBXResourcesBuildPhase section */
		8C3C34321D8FA55900F47840 /* Resources */ = {
			isa = PBXResourcesBuildPhase;
			buildActionMask = 2147483647;
			files = (
				8C3C34471D8FA55900F47840 /* LaunchScreen.storyboard in Resources */,
				8C3C34441D8FA55900F47840 /* Assets.xcassets in Resources */,
				8C3C34421D8FA55900F47840 /* Main.storyboard in Resources */,
			);
			runOnlyForDeploymentPostprocessing = 0;
		};
		8C3C344B1D8FA55900F47840 /* Resources */ = {
			isa = PBXResourcesBuildPhase;
			buildActionMask = 2147483647;
			files = (
			);
			runOnlyForDeploymentPostprocessing = 0;
		};
		8C3C34561D8FA55900F47840 /* Resources */ = {
			isa = PBXResourcesBuildPhase;
			buildActionMask = 2147483647;
			files = (
			);
			runOnlyForDeploymentPostprocessing = 0;
		};
/* End PBXResourcesBuildPhase section */

/* Begin PBXSourcesBuildPhase section */
		8C3C34301D8FA55900F47840 /* Sources */ = {
			isa = PBXSourcesBuildPhase;
			buildActionMask = 2147483647;
			files = (
				8C3C343F1D8FA55900F47840 /* ViewController.m in Sources */,
				8C3C343C1D8FA55900F47840 /* AppDelegate.m in Sources */,
				8C3C34391D8FA55900F47840 /* main.m in Sources */,
			);
			runOnlyForDeploymentPostprocessing = 0;
		};
		8C3C34491D8FA55900F47840 /* Sources */ = {
			isa = PBXSourcesBuildPhase;
			buildActionMask = 2147483647;
			files = (
				8C3C34521D8FA55900F47840 /* MNColorMeTests.m in Sources */,
			);
			runOnlyForDeploymentPostprocessing = 0;
		};
		8C3C34541D8FA55900F47840 /* Sources */ = {
			isa = PBXSourcesBuildPhase;
			buildActionMask = 2147483647;
			files = (
				8C3C345D1D8FA55900F47840 /* MNColorMeUITests.m in Sources */,
			);
			runOnlyForDeploymentPostprocessing = 0;
		};
/* End PBXSourcesBuildPhase section */

/* Begin PBXTargetDependency section */
		8C3C344F1D8FA55900F47840 /* PBXTargetDependency */ = {
			isa = PBXTargetDependency;
			target = 8C3C34331D8FA55900F47840 /* MNColorMe */;
			targetProxy = 8C3C344E1D8FA55900F47840 /* PBXContainerItemProxy */;
		};
		8C3C345A1D8FA55900F47840 /* PBXTargetDependency */ = {
			isa = PBXTargetDependency;
			target = 8C3C34331D8FA55900F47840 /* MNColorMe */;
			targetProxy = 8C3C34591D8FA55900F47840 /* PBXContainerItemProxy */;
		};
/* End PBXTargetDependency section */

/* Begin PBXVariantGroup section */
		8C3C34401D8FA55900F47840 /* Main.storyboard */ = {
			isa = PBXVariantGroup;
			children = (
				8C3C34411D8FA55900F47840 /* Base */,
			);
			name = Main.storyboard;
			sourceTree = "<group>";
		};
		8C3C34451D8FA55900F47840 /* LaunchScreen.storyboard */ = {
			isa = PBXVariantGroup;
			children = (
				8C3C34461D8FA55900F47840 /* Base */,
			);
			name = LaunchScreen.storyboard;
			sourceTree = "<group>";
		};
/* End PBXVariantGroup section */

/* Begin XCBuildConfiguration section */
		8C3C345F1D8FA55900F47840 /* Debug */ = {
			isa = XCBuildConfiguration;
			buildSettings = {
				ALWAYS_SEARCH_USER_PATHS = NO;
				CLANG_ANALYZER_NONNULL = YES;
				CLANG_CXX_LANGUAGE_STANDARD = "gnu++0x";
				CLANG_CXX_LIBRARY = "libc++";
				CLANG_ENABLE_MODULES = YES;
				CLANG_ENABLE_OBJC_ARC = YES;
				CLANG_WARN_BOOL_CONVERSION = YES;
				CLANG_WARN_CONSTANT_CONVERSION = YES;
				CLANG_WARN_DIRECT_OBJC_ISA_USAGE = YES_ERROR;
				CLANG_WARN_EMPTY_BODY = YES;
				CLANG_WARN_ENUM_CONVERSION = YES;
				CLANG_WARN_INT_CONVERSION = YES;
				CLANG_WARN_OBJC_ROOT_CLASS = YES_ERROR;
				CLANG_WARN_UNREACHABLE_CODE = YES;
				CLANG_WARN__DUPLICATE_METHOD_MATCH = YES;
				"CODE_SIGN_IDENTITY[sdk=iphoneos*]" = "iPhone Developer";
				COPY_PHASE_STRIP = NO;
				DEBUG_INFORMATION_FORMAT = dwarf;
				ENABLE_STRICT_OBJC_MSGSEND = YES;
				ENABLE_TESTABILITY = YES;
				GCC_C_LANGUAGE_STANDARD = gnu99;
				GCC_DYNAMIC_NO_PIC = NO;
				GCC_NO_COMMON_BLOCKS = YES;
				GCC_OPTIMIZATION_LEVEL = 0;
				GCC_PREPROCESSOR_DEFINITIONS = (
					"DEBUG=1",
					"$(inherited)",
				);
				GCC_WARN_64_TO_32_BIT_CONVERSION = YES;
				GCC_WARN_ABOUT_RETURN_TYPE = YES_ERROR;
				GCC_WARN_UNDECLARED_SELECTOR = YES;
				GCC_WARN_UNINITIALIZED_AUTOS = YES_AGGRESSIVE;
				GCC_WARN_UNUSED_FUNCTION = YES;
				GCC_WARN_UNUSED_VARIABLE = YES;
				IPHONEOS_DEPLOYMENT_TARGET = 9.3;
				MTL_ENABLE_DEBUG_INFO = YES;
				ONLY_ACTIVE_ARCH = YES;
				SDKROOT = iphoneos;
				TARGETED_DEVICE_FAMILY = "1,2";
			};
			name = Debug;
		};
		8C3C34601D8FA55900F47840 /* Release */ = {
			isa = XCBuildConfiguration;
			buildSettings = {
				ALWAYS_SEARCH_USER_PATHS = NO;
				CLANG_ANALYZER_NONNULL = YES;
				CLANG_CXX_LANGUAGE_STANDARD = "gnu++0x";
				CLANG_CXX_LIBRARY = "libc++";
				CLANG_ENABLE_MODULES = YES;
				CLANG_ENABLE_OBJC_ARC = YES;
				CLANG_WARN_BOOL_CONVERSION = YES;
				CLANG_WARN_CONSTANT_CONVERSION = YES;
				CLANG_WARN_DIRECT_OBJC_ISA_USAGE = YES_ERROR;
				CLANG_WARN_EMPTY_BODY = YES;
				CLANG_WARN_ENUM_CONVERSION = YES;
				CLANG_WARN_INT_CONVERSION = YES;
				CLANG_WARN_OBJC_ROOT_CLASS = YES_ERROR;
				CLANG_WARN_UNREACHABLE_CODE = YES;
				CLANG_WARN__DUPLICATE_METHOD_MATCH = YES;
				"CODE_SIGN_IDENTITY[sdk=iphoneos*]" = "iPhone Developer";
				COPY_PHASE_STRIP = NO;
				DEBUG_INFORMATION_FORMAT = "dwarf-with-dsym";
				ENABLE_NS_ASSERTIONS = NO;
				ENABLE_STRICT_OBJC_MSGSEND = YES;
				GCC_C_LANGUAGE_STANDARD = gnu99;
				GCC_NO_COMMON_BLOCKS = YES;
				GCC_WARN_64_TO_32_BIT_CONVERSION = YES;
				GCC_WARN_ABOUT_RETURN_TYPE = YES_ERROR;
				GCC_WARN_UNDECLARED_SELECTOR = YES;
				GCC_WARN_UNINITIALIZED_AUTOS = YES_AGGRESSIVE;
				GCC_WARN_UNUSED_FUNCTION = YES;
				GCC_WARN_UNUSED_VARIABLE = YES;
				IPHONEOS_DEPLOYMENT_TARGET = 9.3;
				MTL_ENABLE_DEBUG_INFO = NO;
				SDKROOT = iphoneos;
				TARGETED_DEVICE_FAMILY = "1,2";
				VALIDATE_PRODUCT = YES;
			};
			name = Release;
		};
		8C3C34621D8FA55900F47840 /* Debug */ = {
			isa = XCBuildConfiguration;
			buildSettings = {
				ASSETCATALOG_COMPILER_APPICON_NAME = AppIcon;
				INFOPLIST_FILE = MNColorMe/Info.plist;
				LD_RUNPATH_SEARCH_PATHS = "$(inherited) @executable_path/Frameworks";
				PRODUCT_BUNDLE_IDENTIFIER = com.Mrunal.MNColorMe;
				PRODUCT_NAME = "$(TARGET_NAME)";
			};
			name = Debug;
		};
		8C3C34631D8FA55900F47840 /* Release */ = {
			isa = XCBuildConfiguration;
			buildSettings = {
				ASSETCATALOG_COMPILER_APPICON_NAME = AppIcon;
				INFOPLIST_FILE = MNColorMe/Info.plist;
				LD_RUNPATH_SEARCH_PATHS = "$(inherited) @executable_path/Frameworks";
				PRODUCT_BUNDLE_IDENTIFIER = com.Mrunal.MNColorMe;
				PRODUCT_NAME = "$(TARGET_NAME)";
			};
			name = Release;
		};
		8C3C34651D8FA55900F47840 /* Debug */ = {
			isa = XCBuildConfiguration;
			buildSettings = {
				BUNDLE_LOADER = "$(TEST_HOST)";
				INFOPLIST_FILE = MNColorMeTests/Info.plist;
				LD_RUNPATH_SEARCH_PATHS = "$(inherited) @executable_path/Frameworks @loader_path/Frameworks";
				PRODUCT_BUNDLE_IDENTIFIER = com.Mrunal.MNColorMeTests;
				PRODUCT_NAME = "$(TARGET_NAME)";
				TEST_HOST = "$(BUILT_PRODUCTS_DIR)/MNColorMe.app/MNColorMe";
			};
			name = Debug;
		};
		8C3C34661D8FA55900F47840 /* Release */ = {
			isa = XCBuildConfiguration;
			buildSettings = {
				BUNDLE_LOADER = "$(TEST_HOST)";
				INFOPLIST_FILE = MNColorMeTests/Info.plist;
				LD_RUNPATH_SEARCH_PATHS = "$(inherited) @executable_path/Frameworks @loader_path/Frameworks";
				PRODUCT_BUNDLE_IDENTIFIER = com.Mrunal.MNColorMeTests;
				PRODUCT_NAME = "$(TARGET_NAME)";
				TEST_HOST = "$(BUILT_PRODUCTS_DIR)/MNColorMe.app/MNColorMe";
			};
			name = Release;
		};
		8C3C34681D8FA55900F47840 /* Debug */ = {
			isa = XCBuildConfiguration;
			buildSettings = {
				INFOPLIST_FILE = MNColorMeUITests/Info.plist;
				LD_RUNPATH_SEARCH_PATHS = "$(inherited) @executable_path/Frameworks @loader_path/Frameworks";
				PRODUCT_BUNDLE_IDENTIFIER = com.Mrunal.MNColorMeUITests;
				PRODUCT_NAME = "$(TARGET_NAME)";
				TEST_TARGET_NAME = MNColorMe;
			};
			name = Debug;
		};
		8C3C34691D8FA55900F47840 /* Release */ = {
			isa = XCBuildConfiguration;
			buildSettings = {
				INFOPLIST_FILE = MNColorMeUITests/Info.plist;
				LD_RUNPATH_SEARCH_PATHS = "$(inherited) @executable_path/Frameworks @loader_path/Frameworks";
				PRODUCT_BUNDLE_IDENTIFIER = com.Mrunal.MNColorMeUITests;
				PRODUCT_NAME = "$(TARGET_NAME)";
				TEST_TARGET_NAME = MNColorMe;
			};
			name = Release;
		};
/* End XCBuildConfiguration section */

/* Begin XCConfigurationList section */
		8C3C342F1D8FA55900F47840 /* Build configuration list for PBXProject "MNColorMe" */ = {
			isa = XCConfigurationList;
			buildConfigurations = (
				8C3C345F1D8FA55900F47840 /* Debug */,
				8C3C34601D8FA55900F47840 /* Release */,
			);
			defaultConfigurationIsVisible = 0;
			defaultConfigurationName = Release;
		};
		8C3C34611D8FA55900F47840 /* Build configuration list for PBXNativeTarget "MNColorMe" */ = {
			isa = XCConfigurationList;
			buildConfigurations = (
				8C3C34621D8FA55900F47840 /* Debug */,
				8C3C34631D8FA55900F47840 /* Release */,
			);
			defaultConfigurationIsVisible = 0;
		};
		8C3C34641D8FA55900F47840 /* Build configuration list for PBXNativeTarget "MNColorMeTests" */ = {
			isa = XCConfigurationList;
			buildConfigurations = (
				8C3C34651D8FA55900F47840 /* Debug */,
				8C3C34661D8FA55900F47840 /* Release */,
			);
			defaultConfigurationIsVisible = 0;
		};
		8C3C34671D8FA55900F47840 /* Build configuration list for PBXNativeTarget "MNColorMeUITests" */ = {
			isa = XCConfigurationList;
			buildConfigurations = (
				8C3C34681D8FA55900F47840 /* Debug */,
				8C3C34691D8FA55900F47840 /* Release */,
			);
			defaultConfigurationIsVisible = 0;
		};
/* End XCConfigurationList section */
	};
	rootObject = 8C3C342C1D8FA55900F47840 /* Project object */;
}
